
Microsoft Visual Studio Solution File, Format Version 12.00
# Visual Studio 2013
VisualStudioVersion = 12.0.21005.1
MinimumVisualStudioVersion = 10.0.40219.1
Project("{FAE04EC0-301F-11D3-BF4B-00C04F79EFBC}") = "web", "web\web.csproj", "{0369B769-31ED-41A2-8CBE-4911FEA703F5}"
EndProject
Project("{FAE04EC0-301F-11D3-BF4B-00C04F79EFBC}") = "App_Code", "App_Code\App_Code.csproj", "{AA23CEFE-E98C-4262-A17C-CBC03B85FC5A}"
EndProject
Global
	GlobalSection(SolutionConfigurationPlatforms) = preSolution
		Debug|Any CPU = Debug|Any CPU
		Release|Any CPU = Release|Any CPU
	EndGlobalSection
	GlobalSection(ProjectConfigurationPlatforms) = postSolution
		{0369B769-31ED-41A2-8CBE-4911FEA703F5}.Debug|Any CPU.ActiveCfg = Debug|Any CPU
		{0369B769-31ED-41A2-8CBE-4911FEA703F5}.Debug|Any CPU.Build.0 = Debug|Any CPU
		{0369B769-31ED-41A2-8CBE-4911FEA703F5}.Release|Any CPU.ActiveCfg = Release|Any CPU
		{0369B769-31ED-41A2-8CBE-4911FEA703F5}.Release|Any CPU.Build.0 = Release|Any CPU
		{AA23CEFE-E98C-4262-A17C-CBC03B85FC5A}.Debug|Any CPU.ActiveCfg = Debug|Any CPU
		{AA23CEFE-E98C-4262-A17C-CBC03B85FC5A}.Debug|Any CPU.Build.0 = Debug|Any CPU
		{AA23CEFE-E98C-4262-A17C-CBC03B85FC5A}.Release|Any CPU.ActiveCfg = Release|Any CPU
		{AA23CEFE-E98C-4262-A17C-CBC03B85FC5A}.Release|Any CPU.Build.0 = Release|Any CPU
	EndGlobalSection
	GlobalSection(SolutionProperties) = preSolution
		HideSolutionNode = FALSE
	EndGlobalSection
EndGlobal
